
Microsoft Visual Studio Solution File, Format Version 12.00
# Visual Studio Version 17
VisualStudioVersion = 17.4.33213.308
MinimumVisualStudioVersion = 10.0.40219.1
Project("{FAE04EC0-301F-11D3-BF4B-00C04F79EFBC}") = "NumbersToWords", "WordsToNumber\NumbersToWords.csproj", "{952040B7-D286-47FC-BAE0-8BD6A00FF64C}"
EndProject
Global
	GlobalSection(SolutionConfigurationPlatforms) = preSolution
		Debug|Any CPU = Debug|Any CPU
		Release|Any CPU = Release|Any CPU
	EndGlobalSection
	GlobalSection(ProjectConfigurationPlatforms) = postSolution
		{952040B7-D286-47FC-BAE0-8BD6A00FF64C}.Debug|Any CPU.ActiveCfg = Debug|Any CPU
		{952040B7-D286-47FC-BAE0-8BD6A00FF64C}.Debug|Any CPU.Build.0 = Debug|Any CPU
		{952040B7-D286-47FC-BAE0-8BD6A00FF64C}.Release|Any CPU.ActiveCfg = Release|Any CPU
		{952040B7-D286-47FC-BAE0-8BD6A00FF64C}.Release|Any CPU.Build.0 = Release|Any CPU
	EndGlobalSection
	GlobalSection(SolutionProperties) = preSolution
		HideSolutionNode = FALSE
	EndGlobalSection
	GlobalSection(ExtensibilityGlobals) = postSolution
		SolutionGuid = {86A4D991-B83E-443B-AB6A-4AD23FDD0876}
	EndGlobalSection
EndGlobal
